lockfileVersion: '9.0'

settings:
  autoInstallPeers: true
  excludeLinksFromLockfile: false

importers:

  .:
    dependencies:
      primeng:
        specifier: ^17.18.0
        version: 17.18.9(@angular/common@18.2.1(@angular/core@18.2.1(rxjs@7.8.1)(zone.js@0.14.10))(rxjs@7.8.1))(@angular/core@18.2.1(rxjs@7.8.1)(zone.js@0.14.10))(@angular/forms@18.2.1(@angular/common@18.2.1(@angular/core@18.2.1(rxjs@7.8.1)(zone.js@0.14.10))(rxjs@7.8.1))(@angular/core@18.2.1(rxjs@7.8.1)(zone.js@0.14.10))(@angular/platform-browser@18.2.1(@angular/common@18.2.1(@angular/core@18.2.1(rxjs@7.8.1)(zone.js@0.14.10))(rxjs@7.8.1))(@angular/core@18.2.1(rxjs@7.8.1)(zone.js@0.14.10)))(rxjs@7.8.1))(rxjs@7.8.1)(zone.js@0.14.10)

packages:

  '@angular/common@18.2.1':
    resolution: {integrity: sha512-N0ZJO1/iU9UhprplZRPvBcdRgA/i6l6Ng5gXs5ymHBJ0lxsB+mDVCmC4jISjR9gAWc426xXwLaOpuP5Gv3f/yg==}
    engines: {node: ^18.19.1 || ^20.11.1 || >=22.0.0}
    peerDependencies:
      '@angular/core': 18.2.1
      rxjs: ^6.5.3 || ^7.4.0

  '@angular/core@18.2.1':
    resolution: {integrity: sha512-9KrSpJ65UlJZNXrE18NszcfOwb5LZgG+LYi5Doe7amt218R1bzb3trvuAm0ZzMaoKh4ugtUCkzEOd4FALPEX6w==}
    engines: {node: ^18.19.1 || ^20.11.1 || >=22.0.0}
    peerDependencies:
      rxjs: ^6.5.3 || ^7.4.0
      zone.js: ~0.14.10

  '@angular/forms@18.2.1':
    resolution: {integrity: sha512-T7z8KUuj2PoPxrMrAruQVJha+x4a9Y6IrKYtArgOQQlTwCEJuqpVYuOk5l3fwWpHE9bVEjvgkAMI1D5YXA/U6w==}
    engines: {node: ^18.19.1 || ^20.11.1 || >=22.0.0}
    peerDependencies:
      '@angular/common': 18.2.1
      '@angular/core': 18.2.1
      '@angular/platform-browser': 18.2.1
      rxjs: ^6.5.3 || ^7.4.0

  '@angular/platform-browser@18.2.1':
    resolution: {integrity: sha512-hQABX7QotGmCIR3EhCBCDh5ZTvQao+JkuK5CCw2G1PkRfJMBwEpjNqnyhz41hZhWiGlucp9jgbeypppW+mIQEw==}
    engines: {node: ^18.19.1 || ^20.11.1 || >=22.0.0}
    peerDependencies:
      '@angular/animations': 18.2.1
      '@angular/common': 18.2.1
      '@angular/core': 18.2.1
    peerDependenciesMeta:
      '@angular/animations':
        optional: true

  primeng@17.18.9:
    resolution: {integrity: sha512-1FT0B8wtgvs/joduB1DDOLe2IsP1pegOiEfSPAHSbc6otgNx/6iLR0k2M/xr2c9Ur1aC7tAikkVfH3FGpWof3w==}
    peerDependencies:
      '@angular/common': ^17.0.0 || ^18.0.0
      '@angular/core': ^17.0.0 || ^18.0.0
      '@angular/forms': ^17.0.0 || ^18.0.0
      rxjs: ^6.0.0 || ^7.8.1
      zone.js: ~0.14.0

  rxjs@7.8.1:
    resolution: {integrity: sha512-AA3TVj+0A2iuIoQkWEK/tqFjBq2j+6PO6Y0zJcvzLAFhEFIO3HL0vls9hWLncZbAAbK0mar7oZ4V079I/qPMxg==}

  tslib@2.6.3:
    resolution: {integrity: sha512-xNvxJEOUiWPGhUuUdQgAJPKOOJfGnIyKySOc09XkKsgdUV/3E2zvwZYdejjmRgPCgcym1juLH3226yA7sEFJKQ==}

  zone.js@0.14.10:
    resolution: {integrity: sha512-YGAhaO7J5ywOXW6InXNlLmfU194F8lVgu7bRntUF3TiG8Y3nBK0x1UJJuHUP/e8IyihkjCYqhCScpSwnlaSRkQ==}

snapshots:

  '@angular/common@18.2.1(@angular/core@18.2.1(rxjs@7.8.1)(zone.js@0.14.10))(rxjs@7.8.1)':
    dependencies:
      '@angular/core': 18.2.1(rxjs@7.8.1)(zone.js@0.14.10)
      rxjs: 7.8.1
      tslib: 2.6.3

  '@angular/core@18.2.1(rxjs@7.8.1)(zone.js@0.14.10)':
    dependencies:
      rxjs: 7.8.1
      tslib: 2.6.3
      zone.js: 0.14.10

  '@angular/forms@18.2.1(@angular/common@18.2.1(@angular/core@18.2.1(rxjs@7.8.1)(zone.js@0.14.10))(rxjs@7.8.1))(@angular/core@18.2.1(rxjs@7.8.1)(zone.js@0.14.10))(@angular/platform-browser@18.2.1(@angular/common@18.2.1(@angular/core@18.2.1(rxjs@7.8.1)(zone.js@0.14.10))(rxjs@7.8.1))(@angular/core@18.2.1(rxjs@7.8.1)(zone.js@0.14.10)))(rxjs@7.8.1)':
    dependencies:
      '@angular/common': 18.2.1(@angular/core@18.2.1(rxjs@7.8.1)(zone.js@0.14.10))(rxjs@7.8.1)
      '@angular/core': 18.2.1(rxjs@7.8.1)(zone.js@0.14.10)
      '@angular/platform-browser': 18.2.1(@angular/common@18.2.1(@angular/core@18.2.1(rxjs@7.8.1)(zone.js@0.14.10))(rxjs@7.8.1))(@angular/core@18.2.1(rxjs@7.8.1)(zone.js@0.14.10))
      rxjs: 7.8.1
      tslib: 2.6.3

  '@angular/platform-browser@18.2.1(@angular/common@18.2.1(@angular/core@18.2.1(rxjs@7.8.1)(zone.js@0.14.10))(rxjs@7.8.1))(@angular/core@18.2.1(rxjs@7.8.1)(zone.js@0.14.10))':
    dependencies:
      '@angular/common': 18.2.1(@angular/core@18.2.1(rxjs@7.8.1)(zone.js@0.14.10))(rxjs@7.8.1)
      '@angular/core': 18.2.1(rxjs@7.8.1)(zone.js@0.14.10)
      tslib: 2.6.3

  primeng@17.18.9(@angular/common@18.2.1(@angular/core@18.2.1(rxjs@7.8.1)(zone.js@0.14.10))(rxjs@7.8.1))(@angular/core@18.2.1(rxjs@7.8.1)(zone.js@0.14.10))(@angular/forms@18.2.1(@angular/common@18.2.1(@angular/core@18.2.1(rxjs@7.8.1)(zone.js@0.14.10))(rxjs@7.8.1))(@angular/core@18.2.1(rxjs@7.8.1)(zone.js@0.14.10))(@angular/platform-browser@18.2.1(@angular/common@18.2.1(@angular/core@18.2.1(rxjs@7.8.1)(zone.js@0.14.10))(rxjs@7.8.1))(@angular/core@18.2.1(rxjs@7.8.1)(zone.js@0.14.10)))(rxjs@7.8.1))(rxjs@7.8.1)(zone.js@0.14.10):
    dependencies:
      '@angular/common': 18.2.1(@angular/core@18.2.1(rxjs@7.8.1)(zone.js@0.14.10))(rxjs@7.8.1)
      '@angular/core': 18.2.1(rxjs@7.8.1)(zone.js@0.14.10)
      '@angular/forms': 18.2.1(@angular/common@18.2.1(@angular/core@18.2.1(rxjs@7.8.1)(zone.js@0.14.10))(rxjs@7.8.1))(@angular/core@18.2.1(rxjs@7.8.1)(zone.js@0.14.10))(@angular/platform-browser@18.2.1(@angular/common@18.2.1(@angular/core@18.2.1(rxjs@7.8.1)(zone.js@0.14.10))(rxjs@7.8.1))(@angular/core@18.2.1(rxjs@7.8.1)(zone.js@0.14.10)))(rxjs@7.8.1)
      rxjs: 7.8.1
      tslib: 2.6.3
      zone.js: 0.14.10

  rxjs@7.8.1:
    dependencies:
      tslib: 2.6.3

  tslib@2.6.3: {}

  zone.js@0.14.10: {}
